
Microsoft Visual Studio Solution File, Format Version 12.00
# Visual Studio 15
VisualStudioVersion = 15.0.28307.136
MinimumVisualStudioVersion = 10.0.40219.1
Project("{FAE04EC0-301F-11D3-BF4B-00C04F79EFBC}") = "Parkinsons_App.Android", "Parkinsons_App\Parkinsons_App.Android\Parkinsons_App.Android.csproj", "{C9197376-E190-4DA7-9982-44A2DB0979D8}"
EndProject
Project("{FAE04EC0-301F-11D3-BF4B-00C04F79EFBC}") = "Parkinsons_App.iOS", "Parkinsons_App\Parkinsons_App.iOS\Parkinsons_App.iOS.csproj", "{369D84AD-4004-4072-9EB4-80B4D23F173D}"
EndProject
Project("{FAE04EC0-301F-11D3-BF4B-00C04F79EFBC}") = "Parkinsons_App.UWP", "Parkinsons_App\Parkinsons_App.UWP\Parkinsons_App.UWP.csproj", "{3428F567-8F60-4A3A-92D7-254BFAFFBFEF}"
EndProject
Project("{FAE04EC0-301F-11D3-BF4B-00C04F79EFBC}") = "Parkinsons_App", "Parkinsons_App\Parkinsons_App\Parkinsons_App.csproj", "{55983136-353E-42B6-BAA2-9FC57A6E2D06}"
EndProject
Global
	GlobalSection(SolutionConfigurationPlatforms) = preSolution
		Debug|Any CPU = Debug|Any CPU
		Debug|ARM = Debug|ARM
		Debug|iPhone = Debug|iPhone
		Debug|iPhoneSimulator = Debug|iPhoneSimulator
		Debug|x64 = Debug|x64
		Debug|x86 = Debug|x86
		Release|Any CPU = Release|Any CPU
		Release|ARM = Release|ARM
		Release|iPhone = Release|iPhone
		Release|iPhoneSimulator = Release|iPhoneSimulator
		Release|x64 = Release|x64
		Release|x86 = Release|x86
	EndGlobalSection
	GlobalSection(ProjectConfigurationPlatforms) = postSolution
		{C9197376-E190-4DA7-9982-44A2DB0979D8}.Debug|Any CPU.ActiveCfg = Debug|Any CPU
		{C9197376-E190-4DA7-9982-44A2DB0979D8}.Debug|Any CPU.Build.0 = Debug|Any CPU
		{C9197376-E190-4DA7-9982-44A2DB0979D8}.Debug|Any CPU.Deploy.0 = Debug|Any CPU
		{C9197376-E190-4DA7-9982-44A2DB0979D8}.Debug|ARM.ActiveCfg = Debug|Any CPU
		{C9197376-E190-4DA7-9982-44A2DB0979D8}.Debug|ARM.Build.0 = Debug|Any CPU
		{C9197376-E190-4DA7-9982-44A2DB0979D8}.Debug|ARM.Deploy.0 = Debug|Any CPU
		{C9197376-E190-4DA7-9982-44A2DB0979D8}.Debug|iPhone.ActiveCfg = Debug|Any CPU
		{C9197376-E190-4DA7-9982-44A2DB0979D8}.Debug|iPhone.Build.0 = Debug|Any CPU
		{C9197376-E190-4DA7-9982-44A2DB0979D8}.Debug|iPhone.Deploy.0 = Debug|Any CPU
		{C9197376-E190-4DA7-9982-44A2DB0979D8}.Debug|iPhoneSimulator.ActiveCfg = Debug|Any CPU
		{C9197376-E190-4DA7-9982-44A2DB0979D8}.Debug|iPhoneSimulator.Build.0 = Debug|Any CPU
		{C9197376-E190-4DA7-9982-44A2DB0979D8}.Debug|iPhoneSimulator.Deploy.0 = Debug|Any CPU
		{C9197376-E190-4DA7-9982-44A2DB0979D8}.Debug|x64.ActiveCfg = Debug|Any CPU
		{C9197376-E190-4DA7-9982-44A2DB0979D8}.Debug|x64.Build.0 = Debug|Any CPU
		{C9197376-E190-4DA7-9982-44A2DB0979D8}.Debug|x64.Deploy.0 = Debug|Any CPU
		{C9197376-E190-4DA7-9982-44A2DB0979D8}.Debug|x86.ActiveCfg = Debug|Any CPU
		{C9197376-E190-4DA7-9982-44A2DB0979D8}.Debug|x86.Build.0 = Debug|Any CPU
		{C9197376-E190-4DA7-9982-44A2DB0979D8}.Debug|x86.Deploy.0 = Debug|Any CPU
		{C9197376-E190-4DA7-9982-44A2DB0979D8}.Release|Any CPU.ActiveCfg = Release|Any CPU
		{C9197376-E190-4DA7-9982-44A2DB0979D8}.Release|Any CPU.Build.0 = Release|Any CPU
		{C9197376-E190-4DA7-9982-44A2DB0979D8}.Release|Any CPU.Deploy.0 = Release|Any CPU
		{C9197376-E190-4DA7-9982-44A2DB0979D8}.Release|ARM.ActiveCfg = Release|Any CPU
		{C9197376-E190-4DA7-9982-44A2DB0979D8}.Release|ARM.Build.0 = Release|Any CPU
		{C9197376-E190-4DA7-9982-44A2DB0979D8}.Release|ARM.Deploy.0 = Release|Any CPU
		{C9197376-E190-4DA7-9982-44A2DB0979D8}.Release|iPhone.ActiveCfg = Release|Any CPU
		{C9197376-E190-4DA7-9982-44A2DB0979D8}.Release|iPhone.Build.0 = Release|Any CPU
		{C9197376-E190-4DA7-9982-44A2DB0979D8}.Release|iPhone.Deploy.0 = Release|Any CPU
		{C9197376-E190-4DA7-9982-44A2DB0979D8}.Release|iPhoneSimulator.ActiveCfg = Release|Any CPU
		{C9197376-E190-4DA7-9982-44A2DB0979D8}.Release|iPhoneSimulator.Build.0 = Release|Any CPU
		{C9197376-E190-4DA7-9982-44A2DB0979D8}.Release|iPhoneSimulator.Deploy.0 = Release|Any CPU
		{C9197376-E190-4DA7-9982-44A2DB0979D8}.Release|x64.ActiveCfg = Release|Any CPU
		{C9197376-E190-4DA7-9982-44A2DB0979D8}.Release|x64.Build.0 = Release|Any CPU
		{C9197376-E190-4DA7-9982-44A2DB0979D8}.Release|x64.Deploy.0 = Release|Any CPU
		{C9197376-E190-4DA7-9982-44A2DB0979D8}.Release|x86.ActiveCfg = Release|Any CPU
		{C9197376-E190-4DA7-9982-44A2DB0979D8}.Release|x86.Build.0 = Release|Any CPU
		{C9197376-E190-4DA7-9982-44A2DB0979D8}.Release|x86.Deploy.0 = Release|Any CPU
		{369D84AD-4004-4072-9EB4-80B4D23F173D}.Debug|Any CPU.ActiveCfg = Debug|iPhoneSimulator
		{369D84AD-4004-4072-9EB4-80B4D23F173D}.Debug|Any CPU.Build.0 = Debug|iPhoneSimulator
		{369D84AD-4004-4072-9EB4-80B4D23F173D}.Debug|Any CPU.Deploy.0 = Debug|iPhoneSimulator
		{369D84AD-4004-4072-9EB4-80B4D23F173D}.Debug|ARM.ActiveCfg = Debug|iPhone
		{369D84AD-4004-4072-9EB4-80B4D23F173D}.Debug|ARM.Build.0 = Debug|iPhone
		{369D84AD-4004-4072-9EB4-80B4D23F173D}.Debug|ARM.Deploy.0 = Debug|iPhone
		{369D84AD-4004-4072-9EB4-80B4D23F173D}.Debug|iPhone.ActiveCfg = Debug|iPhone
		{369D84AD-4004-4072-9EB4-80B4D23F173D}.Debug|iPhone.Build.0 = Debug|iPhone
		{369D84AD-4004-4072-9EB4-80B4D23F173D}.Debug|iPhone.Deploy.0 = Debug|iPhone
		{369D84AD-4004-4072-9EB4-80B4D23F173D}.Debug|iPhoneSimulator.ActiveCfg = Debug|iPhoneSimulator
		{369D84AD-4004-4072-9EB4-80B4D23F173D}.Debug|iPhoneSimulator.Build.0 = Debug|iPhoneSimulator
		{369D84AD-4004-4072-9EB4-80B4D23F173D}.Debug|iPhoneSimulator.Deploy.0 = Debug|iPhoneSimulator
		{369D84AD-4004-4072-9EB4-80B4D23F173D}.Debug|x64.ActiveCfg = Debug|iPhone
		{369D84AD-4004-4072-9EB4-80B4D23F173D}.Debug|x64.Build.0 = Debug|iPhone
		{369D84AD-4004-4072-9EB4-80B4D23F173D}.Debug|x64.Deploy.0 = Debug|iPhone
		{369D84AD-4004-4072-9EB4-80B4D23F173D}.Debug|x86.ActiveCfg = Debug|iPhone
		{369D84AD-4004-4072-9EB4-80B4D23F173D}.Debug|x86.Build.0 = Debug|iPhone
		{369D84AD-4004-4072-9EB4-80B4D23F173D}.Debug|x86.Deploy.0 = Debug|iPhone
		{369D84AD-4004-4072-9EB4-80B4D23F173D}.Release|Any CPU.ActiveCfg = Release|iPhone
		{369D84AD-4004-4072-9EB4-80B4D23F173D}.Release|Any CPU.Build.0 = Release|iPhone
		{369D84AD-4004-4072-9EB4-80B4D23F173D}.Release|Any CPU.Deploy.0 = Release|iPhone
		{369D84AD-4004-4072-9EB4-80B4D23F173D}.Release|ARM.ActiveCfg = Release|iPhone
		{369D84AD-4004-4072-9EB4-80B4D23F173D}.Release|ARM.Build.0 = Release|iPhone
		{369D84AD-4004-4072-9EB4-80B4D23F173D}.Release|ARM.Deploy.0 = Release|iPhone
		{369D84AD-4004-4072-9EB4-80B4D23F173D}.Release|iPhone.ActiveCfg = Release|iPhone
		{369D84AD-4004-4072-9EB4-80B4D23F173D}.Release|iPhone.Build.0 = Release|iPhone
		{369D84AD-4004-4072-9EB4-80B4D23F173D}.Release|iPhone.Deploy.0 = Release|iPhone
		{369D84AD-4004-4072-9EB4-80B4D23F173D}.Release|iPhoneSimulator.ActiveCfg = Release|iPhoneSimulator
		{369D84AD-4004-4072-9EB4-80B4D23F173D}.Release|iPhoneSimulator.Build.0 = Release|iPhoneSimulator
		{369D84AD-4004-4072-9EB4-80B4D23F173D}.Release|iPhoneSimulator.Deploy.0 = Release|iPhoneSimulator
		{369D84AD-4004-4072-9EB4-80B4D23F173D}.Release|x64.ActiveCfg = Release|iPhone
		{369D84AD-4004-4072-9EB4-80B4D23F173D}.Release|x64.Build.0 = Release|iPhone
		{369D84AD-4004-4072-9EB4-80B4D23F173D}.Release|x64.Deploy.0 = Release|iPhone
		{369D84AD-4004-4072-9EB4-80B4D23F173D}.Release|x86.ActiveCfg = Release|iPhone
		{369D84AD-4004-4072-9EB4-80B4D23F173D}.Release|x86.Build.0 = Release|iPhone
		{369D84AD-4004-4072-9EB4-80B4D23F173D}.Release|x86.Deploy.0 = Release|iPhone
		{3428F567-8F60-4A3A-92D7-254BFAFFBFEF}.Debug|Any CPU.ActiveCfg = Debug|x86
		{3428F567-8F60-4A3A-92D7-254BFAFFBFEF}.Debug|Any CPU.Build.0 = Debug|x86
		{3428F567-8F60-4A3A-92D7-254BFAFFBFEF}.Debug|Any CPU.Deploy.0 = Debug|x86
		{3428F567-8F60-4A3A-92D7-254BFAFFBFEF}.Debug|ARM.ActiveCfg = Debug|ARM
		{3428F567-8F60-4A3A-92D7-254BFAFFBFEF}.Debug|ARM.Build.0 = Debug|ARM
		{3428F567-8F60-4A3A-92D7-254BFAFFBFEF}.Debug|ARM.Deploy.0 = Debug|ARM
		{3428F567-8F60-4A3A-92D7-254BFAFFBFEF}.Debug|iPhone.ActiveCfg = Debug|x86
		{3428F567-8F60-4A3A-92D7-254BFAFFBFEF}.Debug|iPhone.Build.0 = Debug|x86
		{3428F567-8F60-4A3A-92D7-254BFAFFBFEF}.Debug|iPhone.Deploy.0 = Debug|x86
		{3428F567-8F60-4A3A-92D7-254BFAFFBFEF}.Debug|iPhoneSimulator.ActiveCfg = Debug|x86
		{3428F567-8F60-4A3A-92D7-254BFAFFBFEF}.Debug|iPhoneSimulator.Build.0 = Debug|x86
		{3428F567-8F60-4A3A-92D7-254BFAFFBFEF}.Debug|iPhoneSimulator.Deploy.0 = Debug|x86
		{3428F567-8F60-4A3A-92D7-254BFAFFBFEF}.Debug|x64.ActiveCfg = Debug|x64
		{3428F567-8F60-4A3A-92D7-254BFAFFBFEF}.Debug|x64.Build.0 = Debug|x64
		{3428F567-8F60-4A3A-92D7-254BFAFFBFEF}.Debug|x64.Deploy.0 = Debug|x64
		{3428F567-8F60-4A3A-92D7-254BFAFFBFEF}.Debug|x86.ActiveCfg = Debug|x86
		{3428F567-8F60-4A3A-92D7-254BFAFFBFEF}.Debug|x86.Build.0 = Debug|x86
		{3428F567-8F60-4A3A-92D7-254BFAFFBFEF}.Debug|x86.Deploy.0 = Debug|x86
		{3428F567-8F60-4A3A-92D7-254BFAFFBFEF}.Release|Any CPU.ActiveCfg = Release|x86
		{3428F567-8F60-4A3A-92D7-254BFAFFBFEF}.Release|Any CPU.Build.0 = Release|x86
		{3428F567-8F60-4A3A-92D7-254BFAFFBFEF}.Release|Any CPU.Deploy.0 = Release|x86
		{3428F567-8F60-4A3A-92D7-254BFAFFBFEF}.Release|ARM.ActiveCfg = Release|ARM
		{3428F567-8F60-4A3A-92D7-254BFAFFBFEF}.Release|ARM.Build.0 = Release|ARM
		{3428F567-8F60-4A3A-92D7-254BFAFFBFEF}.Release|ARM.Deploy.0 = Release|ARM
		{3428F567-8F60-4A3A-92D7-254BFAFFBFEF}.Release|iPhone.ActiveCfg = Release|x86
		{3428F567-8F60-4A3A-92D7-254BFAFFBFEF}.Release|iPhone.Build.0 = Release|x86
		{3428F567-8F60-4A3A-92D7-254BFAFFBFEF}.Release|iPhone.Deploy.0 = Release|x86
		{3428F567-8F60-4A3A-92D7-254BFAFFBFEF}.Release|iPhoneSimulator.ActiveCfg = Release|x86
		{3428F567-8F60-4A3A-92D7-254BFAFFBFEF}.Release|iPhoneSimulator.Build.0 = Release|x86
		{3428F567-8F60-4A3A-92D7-254BFAFFBFEF}.Release|iPhoneSimulator.Deploy.0 = Release|x86
		{3428F567-8F60-4A3A-92D7-254BFAFFBFEF}.Release|x64.ActiveCfg = Release|x64
		{3428F567-8F60-4A3A-92D7-254BFAFFBFEF}.Release|x64.Build.0 = Release|x64
		{3428F567-8F60-4A3A-92D7-254BFAFFBFEF}.Release|x64.Deploy.0 = Release|x64
		{3428F567-8F60-4A3A-92D7-254BFAFFBFEF}.Release|x86.ActiveCfg = Release|x86
		{3428F567-8F60-4A3A-92D7-254BFAFFBFEF}.Release|x86.Build.0 = Release|x86
		{3428F567-8F60-4A3A-92D7-254BFAFFBFEF}.Release|x86.Deploy.0 = Release|x86
		{55983136-353E-42B6-BAA2-9FC57A6E2D06}.Debug|Any CPU.ActiveCfg = Debug|Any CPU
		{55983136-353E-42B6-BAA2-9FC57A6E2D06}.Debug|Any CPU.Build.0 = Debug|Any CPU
		{55983136-353E-42B6-BAA2-9FC57A6E2D06}.Debug|Any CPU.Deploy.0 = Debug|Any CPU
		{55983136-353E-42B6-BAA2-9FC57A6E2D06}.Debug|ARM.ActiveCfg = Debug|Any CPU
		{55983136-353E-42B6-BAA2-9FC57A6E2D06}.Debug|ARM.Build.0 = Debug|Any CPU
		{55983136-353E-42B6-BAA2-9FC57A6E2D06}.Debug|ARM.Deploy.0 = Debug|Any CPU
		{55983136-353E-42B6-BAA2-9FC57A6E2D06}.Debug|iPhone.ActiveCfg = Debug|Any CPU
		{55983136-353E-42B6-BAA2-9FC57A6E2D06}.Debug|iPhone.Build.0 = Debug|Any CPU
		{55983136-353E-42B6-BAA2-9FC57A6E2D06}.Debug|iPhone.Deploy.0 = Debug|Any CPU
		{55983136-353E-42B6-BAA2-9FC57A6E2D06}.Debug|iPhoneSimulator.ActiveCfg = Debug|Any CPU
		{55983136-353E-42B6-BAA2-9FC57A6E2D06}.Debug|iPhoneSimulator.Build.0 = Debug|Any CPU
		{55983136-353E-42B6-BAA2-9FC57A6E2D06}.Debug|iPhoneSimulator.Deploy.0 = Debug|Any CPU
		{55983136-353E-42B6-BAA2-9FC57A6E2D06}.Debug|x64.ActiveCfg = Debug|Any CPU
		{55983136-353E-42B6-BAA2-9FC57A6E2D06}.Debug|x64.Build.0 = Debug|Any CPU
		{55983136-353E-42B6-BAA2-9FC57A6E2D06}.Debug|x64.Deploy.0 = Debug|Any CPU
		{55983136-353E-42B6-BAA2-9FC57A6E2D06}.Debug|x86.ActiveCfg = Debug|Any CPU
		{55983136-353E-42B6-BAA2-9FC57A6E2D06}.Debug|x86.Build.0 = Debug|Any CPU
		{55983136-353E-42B6-BAA2-9FC57A6E2D06}.Debug|x86.Deploy.0 = Debug|Any CPU
		{55983136-353E-42B6-BAA2-9FC57A6E2D06}.Release|Any CPU.ActiveCfg = Release|Any CPU
		{55983136-353E-42B6-BAA2-9FC57A6E2D06}.Release|Any CPU.Build.0 = Release|Any CPU
		{55983136-353E-42B6-BAA2-9FC57A6E2D06}.Release|Any CPU.Deploy.0 = Release|Any CPU
		{55983136-353E-42B6-BAA2-9FC57A6E2D06}.Release|ARM.ActiveCfg = Release|Any CPU
		{55983136-353E-42B6-BAA2-9FC57A6E2D06}.Release|ARM.Build.0 = Release|Any CPU
		{55983136-353E-42B6-BAA2-9FC57A6E2D06}.Release|ARM.Deploy.0 = Release|Any CPU
		{55983136-353E-42B6-BAA2-9FC57A6E2D06}.Release|iPhone.ActiveCfg = Release|Any CPU
		{55983136-353E-42B6-BAA2-9FC57A6E2D06}.Release|iPhone.Build.0 = Release|Any CPU
		{55983136-353E-42B6-BAA2-9FC57A6E2D06}.Release|iPhone.Deploy.0 = Release|Any CPU
		{55983136-353E-42B6-BAA2-9FC57A6E2D06}.Release|iPhoneSimulator.ActiveCfg = Release|Any CPU
		{55983136-353E-42B6-BAA2-9FC57A6E2D06}.Release|iPhoneSimulator.Build.0 = Release|Any CPU
		{55983136-353E-42B6-BAA2-9FC57A6E2D06}.Release|iPhoneSimulator.Deploy.0 = Release|Any CPU
		{55983136-353E-42B6-BAA2-9FC57A6E2D06}.Release|x64.ActiveCfg = Release|Any CPU
		{55983136-353E-42B6-BAA2-9FC57A6E2D06}.Release|x64.Build.0 = Release|Any CPU
		{55983136-353E-42B6-BAA2-9FC57A6E2D06}.Release|x64.Deploy.0 = Release|Any CPU
		{55983136-353E-42B6-BAA2-9FC57A6E2D06}.Release|x86.ActiveCfg = Release|Any CPU
		{55983136-353E-42B6-BAA2-9FC57A6E2D06}.Release|x86.Build.0 = Release|Any CPU
		{55983136-353E-42B6-BAA2-9FC57A6E2D06}.Release|x86.Deploy.0 = Release|Any CPU
	EndGlobalSection
	GlobalSection(SolutionProperties) = preSolution
		HideSolutionNode = FALSE
	EndGlobalSection
	GlobalSection(ExtensibilityGlobals) = postSolution
		SolutionGuid = {C0B3EDD8-ABD6-4A4E-90DB-3A8716A33640}
	EndGlobalSection
EndGlobal
